
Microsoft Visual Studio Solution File, Format Version 12.00
# Visual Studio Version 16
VisualStudioVersion = 16.0.29613.14
MinimumVisualStudioVersion = 10.0.40219.1
Project("{9A19103F-16F7-4668-BE54-9A1E7A4F7556}") = "Elsa.AM.Issue", "Elsa.AM.Issue\Elsa.AM.Issue.csproj", "{41F664AE-3C06-4835-9CAE-21DDA6F4353F}"
EndProject
Project("{9A19103F-16F7-4668-BE54-9A1E7A4F7556}") = "Elsa.AM.WorkflowCodebase", "Elsa.AM.WorkflowCodebase\Elsa.AM.WorkflowCodebase.csproj", "{0E00EA8F-2397-4E23-8DEE-CC71B0BC294F}"
EndProject
Project("{FAE04EC0-301F-11D3-BF4B-00C04F79EFBC}") = "EM.AM.Issue.Profiles", "EM.AM.Issue.Profile\EM.AM.Issue.Profiles.csproj", "{E7DC1351-DEB4-40F0-AFA8-819AFB9457AF}"
EndProject
Global
	GlobalSection(SolutionConfigurationPlatforms) = preSolution
		Debug|Any CPU = Debug|Any CPU
		Release|Any CPU = Release|Any CPU
	EndGlobalSection
	GlobalSection(ProjectConfigurationPlatforms) = postSolution
		{41F664AE-3C06-4835-9CAE-21DDA6F4353F}.Debug|Any CPU.ActiveCfg = Debug|Any CPU
		{41F664AE-3C06-4835-9CAE-21DDA6F4353F}.Debug|Any CPU.Build.0 = Debug|Any CPU
		{41F664AE-3C06-4835-9CAE-21DDA6F4353F}.Release|Any CPU.ActiveCfg = Release|Any CPU
		{41F664AE-3C06-4835-9CAE-21DDA6F4353F}.Release|Any CPU.Build.0 = Release|Any CPU
		{0E00EA8F-2397-4E23-8DEE-CC71B0BC294F}.Debug|Any CPU.ActiveCfg = Debug|Any CPU
		{0E00EA8F-2397-4E23-8DEE-CC71B0BC294F}.Debug|Any CPU.Build.0 = Debug|Any CPU
		{0E00EA8F-2397-4E23-8DEE-CC71B0BC294F}.Release|Any CPU.ActiveCfg = Release|Any CPU
		{0E00EA8F-2397-4E23-8DEE-CC71B0BC294F}.Release|Any CPU.Build.0 = Release|Any CPU
		{E7DC1351-DEB4-40F0-AFA8-819AFB9457AF}.Debug|Any CPU.ActiveCfg = Debug|Any CPU
		{E7DC1351-DEB4-40F0-AFA8-819AFB9457AF}.Debug|Any CPU.Build.0 = Debug|Any CPU
		{E7DC1351-DEB4-40F0-AFA8-819AFB9457AF}.Release|Any CPU.ActiveCfg = Release|Any CPU
		{E7DC1351-DEB4-40F0-AFA8-819AFB9457AF}.Release|Any CPU.Build.0 = Release|Any CPU
	EndGlobalSection
	GlobalSection(SolutionProperties) = preSolution
		HideSolutionNode = FALSE
	EndGlobalSection
	GlobalSection(ExtensibilityGlobals) = postSolution
		SolutionGuid = {CCB38C68-87BE-4E5A-B950-42F97A2C5375}
	EndGlobalSection
EndGlobal
